
Microsoft Visual Studio Solution File, Format Version 12.00
# Visual Studio 15
VisualStudioVersion = 15.0.28307.329
MinimumVisualStudioVersion = 10.0.40219.1
Project("{8BC9CEB8-8B4A-11D0-8D11-00A0C91BC942}") = "Canvas Painter Game", "Canvas Painter Game\Canvas Painter Game.vcxproj", "{0E6A8A0F-D02E-4898-ABD5-BA2E5FCC4F57}"
EndProject
Project("{8BC9CEB8-8B4A-11D0-8D11-00A0C91BC942}") = "Engine", "Engine\Engine.vcxproj", "{1078F56D-DD07-43F3-9488-47A507F17A10}"
EndProject
Global
	GlobalSection(SolutionConfigurationPlatforms) = preSolution
		Debug|x64 = Debug|x64
		Debug|x86 = Debug|x86
		Release|x64 = Release|x64
		Release|x86 = Release|x86
	EndGlobalSection
	GlobalSection(ProjectConfigurationPlatforms) = postSolution
		{0E6A8A0F-D02E-4898-ABD5-BA2E5FCC4F57}.Debug|x64.ActiveCfg = Debug|x64
		{0E6A8A0F-D02E-4898-ABD5-BA2E5FCC4F57}.Debug|x64.Build.0 = Debug|x64
		{0E6A8A0F-D02E-4898-ABD5-BA2E5FCC4F57}.Debug|x86.ActiveCfg = Debug|Win32
		{0E6A8A0F-D02E-4898-ABD5-BA2E5FCC4F57}.Debug|x86.Build.0 = Debug|Win32
		{0E6A8A0F-D02E-4898-ABD5-BA2E5FCC4F57}.Release|x64.ActiveCfg = Release|x64
		{0E6A8A0F-D02E-4898-ABD5-BA2E5FCC4F57}.Release|x64.Build.0 = Release|x64
		{0E6A8A0F-D02E-4898-ABD5-BA2E5FCC4F57}.Release|x86.ActiveCfg = Release|Win32
		{0E6A8A0F-D02E-4898-ABD5-BA2E5FCC4F57}.Release|x86.Build.0 = Release|Win32
		{1078F56D-DD07-43F3-9488-47A507F17A10}.Debug|x64.ActiveCfg = Debug|x64
		{1078F56D-DD07-43F3-9488-47A507F17A10}.Debug|x64.Build.0 = Debug|x64
		{1078F56D-DD07-43F3-9488-47A507F17A10}.Debug|x86.ActiveCfg = Debug|Win32
		{1078F56D-DD07-43F3-9488-47A507F17A10}.Debug|x86.Build.0 = Debug|Win32
		{1078F56D-DD07-43F3-9488-47A507F17A10}.Release|x64.ActiveCfg = Release|x64
		{1078F56D-DD07-43F3-9488-47A507F17A10}.Release|x64.Build.0 = Release|x64
		{1078F56D-DD07-43F3-9488-47A507F17A10}.Release|x86.ActiveCfg = Release|Win32
		{1078F56D-DD07-43F3-9488-47A507F17A10}.Release|x86.Build.0 = Release|Win32
	EndGlobalSection
	GlobalSection(SolutionProperties) = preSolution
		HideSolutionNode = FALSE
	EndGlobalSection
	GlobalSection(ExtensibilityGlobals) = postSolution
		SolutionGuid = {5120F3FD-A37B-4D37-BBA3-9789F48ED1B7}
	EndGlobalSection
EndGlobal
